// !$*UTF8*$!
{
	archiveVersion = 1;
	classes = {
	};
	objectVersion = 46;
	objects = {

/* Begin PBXBuildFile section */
		0207DA581B56EA530066E2B4 /* Images.xcassets in Resources */ = {isa = PBXBuildFile; fileRef = 0207DA571B56EA530066E2B4 /* Images.xcassets */; };
		02F1E6F06DB4497F83DB7AA0 /* QuartzCore.framework in Frameworks */ = {isa = PBXBuildFile; fileRef = D8BEF69AE51D44979BDFC720 /* QuartzCore.framework */; };
		03CFC93EB7694874BF092A7C /* PayPalMobileCordovaPlugin.m in Sources */ = {isa = PBXBuildFile; fileRef = 738A6696C9614C1AB6B8570B /* PayPalMobileCordovaPlugin.m */; };
		0E4D6884F225405889007AF6 /* Accelerate.framework in Frameworks */ = {isa = PBXBuildFile; fileRef = B0B51A01E920476180C2A090 /* Accelerate.framework */; };
		0F76F4AF78514494AEDAE1FA /* AppDelegate+FirebasePlugin.m in Sources */ = {isa = PBXBuildFile; fileRef = E5EAFA1F432B440493A70C20 /* AppDelegate+FirebasePlugin.m */; };
		12B5DFCD70874AE48EB922D7 /* Protobuf.framework in Frameworks */ = {isa = PBXBuildFile; fileRef = D221F2B6B12441D4B6E7FF05 /* Protobuf.framework */; };
		15B26641EF544A4E84F72B5A /* CDVInAppBrowser.m in Sources */ = {isa = PBXBuildFile; fileRef = F50FCA75424C482991BEEA0B /* CDVInAppBrowser.m */; };
		1D3623260D0F684500981E51 /* AppDelegate.m in Sources */ = {isa = PBXBuildFile; fileRef = 1D3623250D0F684500981E51 /* AppDelegate.m */; };
		1D60589B0D05DD56006BFB54 /* main.m in Sources */ = {isa = PBXBuildFile; fileRef = 29B97316FDCFA39411CA2CEA /* main.m */; };
		2E292F1764964BBD83637B92 /* FirebaseCore.framework in Frameworks */ = {isa = PBXBuildFile; fileRef = 82D505B92492463C87149D88 /* FirebaseCore.framework */; };
		301BF552109A68D80062928A /* libCordova.a in Frameworks */ = {isa = PBXBuildFile; fileRef = 301BF535109A57CC0062928A /* libCordova.a */; };
		302D95F114D2391D003F00A1 /* MainViewController.m in Sources */ = {isa = PBXBuildFile; fileRef = 302D95EF14D2391D003F00A1 /* MainViewController.m */; };
		302D95F214D2391D003F00A1 /* MainViewController.xib in Resources */ = {isa = PBXBuildFile; fileRef = 302D95F014D2391D003F00A1 /* MainViewController.xib */; };
		3D0E57EF42A744659158BE14 /* libc++.dylib in Frameworks */ = {isa = PBXBuildFile; fileRef = 14EB2A8910BA42348C013A1D /* libc++.dylib */; };
		3F5E1B6C2A2B4ED2841B3FE4 /* FirebaseMessaging.framework in Frameworks */ = {isa = PBXBuildFile; fileRef = A0B762EB8A944F78853EFC14 /* FirebaseMessaging.framework */; };
		41A65EAC303C49368C9E3108 /* CDVSplashScreen.m in Sources */ = {isa = PBXBuildFile; fileRef = 88443D7127E54A11AAE55B54 /* CDVSplashScreen.m */; };
		41F609D339864B75AFBE9819 /* CDVConnection.m in Sources */ = {isa = PBXBuildFile; fileRef = 506C889646B1499195F97E0D /* CDVConnection.m */; };
		467AF0773C3F4D3894F35F54 /* FacebookConnectPlugin.m in Sources */ = {isa = PBXBuildFile; fileRef = 91B8A060B8C54B41B89F396E /* FacebookConnectPlugin.m */; };
		47066457117D46F4AC499371 /* Security.framework in Frameworks */ = {isa = PBXBuildFile; fileRef = 2746E531EBCC438883005633 /* Security.framework */; };
		49A7A152F95D4B1E87303DD4 /* GoogleService-Info.plist in Resources */ = {isa = PBXBuildFile; fileRef = A4C75578108D409F9F7D520C /* GoogleService-Info.plist */; };
		4D94E4A02B22457FBD81E89C /* MessageUI.framework in Frameworks */ = {isa = PBXBuildFile; fileRef = 126DF240041148C0AF4A945F /* MessageUI.framework */; };
		50CE9B3BBECB4D829FF5E6C2 /* AudioToolbox.framework in Frameworks */ = {isa = PBXBuildFile; fileRef = FDD7BB6B37984FD1A37AE2F9 /* AudioToolbox.framework */; };
		52876B89F0334C65B5023137 /* FirebaseCrash.framework in Frameworks */ = {isa = PBXBuildFile; fileRef = CF39F07A9278471392C29776 /* FirebaseCrash.framework */; };
		59D34DF4494B4EC1AC5D1CE3 /* OpenGLES.framework in Frameworks */ = {isa = PBXBuildFile; fileRef = E2F5CA616FEE47BB988FEA2A /* OpenGLES.framework */; };
		5DC143204CBD4EE1A8F5BE6C /* FBSDKCoreKit.framework in Frameworks */ = {isa = PBXBuildFile; fileRef = 085227702A1141CC9299C1F0 /* FBSDKCoreKit.framework */; };
		5FF4557B114949F186DCF5A3 /* CDVViewController+SplashScreen.m in Sources */ = {isa = PBXBuildFile; fileRef = DBFC06BD3864426AA039B98E /* CDVViewController+SplashScreen.m */; };
		60C55A060A774412B23C9DD8 /* CDVJpegHeaderWriter.m in Sources */ = {isa = PBXBuildFile; fileRef = E55E18822B6C43ADA9D3656C /* CDVJpegHeaderWriter.m */; };
		63177FC59EBE4EE795A7CFAC /* FBSDKShareKit.framework in Frameworks */ = {isa = PBXBuildFile; fileRef = F8539D78A8234FBE8036E69D /* FBSDKShareKit.framework */; };
		6AFF5BF91D6E424B00AB3073 /* CDVLaunchScreen.storyboard in Resources */ = {isa = PBXBuildFile; fileRef = 6AFF5BF81D6E424B00AB3073 /* CDVLaunchScreen.storyboard */; };
		6D8D8E3F57114A9FAE213934 /* FirebaseAnalytics.framework in Frameworks */ = {isa = PBXBuildFile; fileRef = C7FC56B13C754A8FBB796FD5 /* FirebaseAnalytics.framework */; };
		6FC57A9CB24045ECBC5F1DCF /* CardIOCordovaPlugin.m in Sources */ = {isa = PBXBuildFile; fileRef = 43B7BB26705D437FBFB2E738 /* CardIOCordovaPlugin.m */; };
		701CF7AAF1954096A3613DA0 /* Bolts.framework in Frameworks */ = {isa = PBXBuildFile; fileRef = 5C712AEE2ED646688C160D2B /* Bolts.framework */; };
		718728DEEC9944DAACE6618C /* CDVStatusBar.m in Sources */ = {isa = PBXBuildFile; fileRef = 283BC15729F949EBAD88F2B0 /* CDVStatusBar.m */; };
		803CF9ECA58C4CFF858AD6A8 /* GoogleToolboxForMac.framework in Frameworks */ = {isa = PBXBuildFile; fileRef = 1B6E036014BC4D78A6200720 /* GoogleToolboxForMac.framework */; };
		8281BEA4CCF04E36B4080E98 /* CFNetwork.framework in Frameworks */ = {isa = PBXBuildFile; fileRef = 0EF58CBE5A164A379968BFFF /* CFNetwork.framework */; };
		84D19F293A1744DFBD2A8D6B /* CoreLocation.framework in Frameworks */ = {isa = PBXBuildFile; fileRef = 9EC291EBD3B74336B79E2519 /* CoreLocation.framework */; settings = {ATTRIBUTES = (Weak, ); }; };
		8C8A7A6593D8497B88AFA17E /* UIImage+CropScaleOrientation.m in Sources */ = {isa = PBXBuildFile; fileRef = 6F691CBB819E42E29CD18B64 /* UIImage+CropScaleOrientation.m */; };
		8CCBB9F272E3479F94EFD997 /* Foundation.framework in Frameworks */ = {isa = PBXBuildFile; fileRef = AD669F9DEE914E93A89D45AD /* Foundation.framework */; };
		8D23591777A54841A4E85290 /* IonicKeyboard.m in Sources */ = {isa = PBXBuildFile; fileRef = 1D68A7EA573F438D8CE88470 /* IonicKeyboard.m */; };
		90301B5696A8454BB06ABF00 /* MediaPlayer.framework in Frameworks */ = {isa = PBXBuildFile; fileRef = 9A4C72103B4A4E56AD69119C /* MediaPlayer.framework */; };
		91A5F46BB0FD481B87C607B6 /* FirebaseInstanceID.framework in Frameworks */ = {isa = PBXBuildFile; fileRef = 82993FE6D2254E5BA0791C3F /* FirebaseInstanceID.framework */; };
		91B06CF2C0F04EDC86257126 /* UIKit.framework in Frameworks */ = {isa = PBXBuildFile; fileRef = 3E39A05A593A4716AFFBE729 /* UIKit.framework */; };
		952E4D9E37504961A831B3C4 /* libPayPalMobile.a in Frameworks */ = {isa = PBXBuildFile; fileRef = 12DA0E6125EF421A9F916306 /* libPayPalMobile.a */; };
		9A71CA6A08C34357AA93E9DE /* FBSDKLoginKit.framework in Frameworks */ = {isa = PBXBuildFile; fileRef = A75B5BD9F9164C25B00C6C13 /* FBSDKLoginKit.framework */; };
		9F1D65E128C940B4A54BDA94 /* SystemConfiguration.framework in Frameworks */ = {isa = PBXBuildFile; fileRef = 99625A119E374C6281CCEE10 /* SystemConfiguration.framework */; };
		A2B1160C536E435C95484EF3 /* CoreMedia.framework in Frameworks */ = {isa = PBXBuildFile; fileRef = EE41E524E365413293CA8854 /* CoreMedia.framework */; };
		A45D51796CEA44A881E47429 /* FirebaseRemoteConfig.framework in Frameworks */ = {isa = PBXBuildFile; fileRef = 3F103C44955B4FD382B39AB6 /* FirebaseRemoteConfig.framework */; };
		A62D9A77010846A68BE585D1 /* FirebasePlugin.m in Sources */ = {isa = PBXBuildFile; fileRef = A55415A6E3A64905BCB37427 /* FirebasePlugin.m */; };
		ABFA72DF6DB54B208E965A2C /* CDVCamera.m in Sources */ = {isa = PBXBuildFile; fileRef = A662CC0430E5477A88ECC12B /* CDVCamera.m */; };
		ACF8D9112EE144C386B92D15 /* StreamingMedia.m in Sources */ = {isa = PBXBuildFile; fileRef = 520BDFE8E5C24E72B612AFA9 /* StreamingMedia.m */; };
		B6766C6BD4E24D0B81858BA5 /* CoreVideo.framework in Frameworks */ = {isa = PBXBuildFile; fileRef = B1D66A36F4CE4BC6BF3550A2 /* CoreVideo.framework */; };
		BA0338947F4A48F9890C0D70 /* ImageIO.framework in Frameworks */ = {isa = PBXBuildFile; fileRef = E48085BE3AAE436D852D1F55 /* ImageIO.framework */; settings = {ATTRIBUTES = (Weak, ); }; };
		BF70CDA9090E4557A7B24FA7 /* SafariServices.framework in Frameworks */ = {isa = PBXBuildFile; fileRef = EC80ABE3B3F048E9AABD57BD /* SafariServices.framework */; };
		C552678B8BB84E60B8A7775F /* libPayPalMobile.a in Frameworks */ = {isa = PBXBuildFile; fileRef = 2C4AA05324A24F618FDECB1A /* libPayPalMobile.a */; };
		C6A48EA4A442434F9BBAAA6E /* AVFoundation.framework in Frameworks */ = {isa = PBXBuildFile; fileRef = 76F9181EBA214544BEF04B30 /* AVFoundation.framework */; };
		C8C6917CAC2A456B931A9F9C /* CoreTelephony.framework in Frameworks */ = {isa = PBXBuildFile; fileRef = EFA954971D8345EB864CE735 /* CoreTelephony.framework */; };
		DF07D32424DF45A2BAF4DAA4 /* libopencv_core.a in Frameworks */ = {isa = PBXBuildFile; fileRef = D7307C7FD2ED437DB630CF36 /* libopencv_core.a */; };
		E97FD1CA24C94500B54267CD /* libopencv_imgproc.a in Frameworks */ = {isa = PBXBuildFile; fileRef = 0FF8A2A2989340C3B54DC2C5 /* libopencv_imgproc.a */; };
		F14BD773A423439E8448D781 /* CDVReachability.m in Sources */ = {isa = PBXBuildFile; fileRef = 1C993932E73545469BEE1878 /* CDVReachability.m */; };
		FA0D68712ED44FA083D93066 /* libCardIO.a in Frameworks */ = {isa = PBXBuildFile; fileRef = E2B03572BE2C4425ADC8CF2C /* libCardIO.a */; };
		FC2C8841FDBF48A2B7500C46 /* CDVDevice.m in Sources */ = {isa = PBXBuildFile; fileRef = 770667FFF4AC4246A1BF8E78 /* CDVDevice.m */; };
/* End PBXBuildFile section */

/* Begin PBXContainerItemProxy section */
		301BF534109A57CC0062928A /* PBXContainerItemProxy */ = {
			isa = PBXContainerItemProxy;
			containerPortal = 301BF52D109A57CC0062928A /* CordovaLib/CordovaLib.xcodeproj */;
			proxyType = 2;
			remoteGlobalIDString = D2AAC07E0554694100DB518D;
			remoteInfo = CordovaLib;
		};
		301BF550109A68C00062928A /* PBXContainerItemProxy */ = {
			isa = PBXContainerItemProxy;
			containerPortal = 301BF52D109A57CC0062928A /* CordovaLib/CordovaLib.xcodeproj */;
			proxyType = 1;
			remoteGlobalIDString = D2AAC07D0554694100DB518D;
			remoteInfo = CordovaLib;
		};
		BA17E0F91FD6BC70009CEAF2 /* PBXContainerItemProxy */ = {
			isa = PBXContainerItemProxy;
			containerPortal = 301BF52D109A57CC0062928A /* CordovaLib/CordovaLib.xcodeproj */;
			proxyType = 2;
			remoteGlobalIDString = C0C01EB21E3911D50056E6CB;
			remoteInfo = Cordova;
		};
/* End PBXContainerItemProxy section */

/* Begin PBXFileReference section */
		0207DA571B56EA530066E2B4 /* Images.xcassets */ = {isa = PBXFileReference; lastKnownFileType = folder.assetcatalog; name = Images.xcassets; path = "REALTIME REQUEST/Images.xcassets"; sourceTree = SOURCE_ROOT; };
		04EA46F306C34E67A3F64C14 /* CardIOCreditCardInfo.h */ = {isa = PBXFileReference; explicitFileType = undefined; fileEncoding = 4; includeInIndex = 0; lastKnownFileType = sourcecode.c.h; name = CardIOCreditCardInfo.h; path = card.io.cordova.mobilesdk/CardIOCreditCardInfo.h; sourceTree = "<group>"; };
		085227702A1141CC9299C1F0 /* FBSDKCoreKit.framework */ = {isa = PBXFileReference; explicitFileType = undefined; fileEncoding = 9; includeInIndex = 0; lastKnownFileType = wrapper.framework; name = FBSDKCoreKit.framework; path = "REALTIME REQUEST/Plugins/cordova-plugin-facebook4/FBSDKCoreKit.framework"; sourceTree = "<group>"; };
		0EF58CBE5A164A379968BFFF /* CFNetwork.framework */ = {isa = PBXFileReference; explicitFileType = undefined; fileEncoding = 9; includeInIndex = 0; lastKnownFileType = wrapper.framework; name = CFNetwork.framework; path = System/Library/Frameworks/CFNetwork.framework; sourceTree = SDKROOT; };
		0FF8A2A2989340C3B54DC2C5 /* libopencv_imgproc.a */ = {isa = PBXFileReference; explicitFileType = undefined; fileEncoding = 9; includeInIndex = 0; lastKnownFileType = archive.ar; name = libopencv_imgproc.a; path = "REALTIME REQUEST/Plugins/card.io.cordova.mobilesdk/libopencv_imgproc.a"; sourceTree = "<group>"; };
		126DF240041148C0AF4A945F /* MessageUI.framework */ = {isa = PBXFileReference; explicitFileType = undefined; fileEncoding = 9; includeInIndex = 0; lastKnownFileType = wrapper.framework; name = MessageUI.framework; path = System/Library/Frameworks/MessageUI.framework; sourceTree = SDKROOT; };
		12DA0E6125EF421A9F916306 /* libPayPalMobile.a */ = {isa = PBXFileReference; explicitFileType = undefined; fileEncoding = 9; includeInIndex = 0; lastKnownFileType = archive.ar; path = libPayPalMobile.a; sourceTree = "<group>"; };
		14EB2A8910BA42348C013A1D /* libc++.dylib */ = {isa = PBXFileReference; explicitFileType = undefined; fileEncoding = 9; includeInIndex = 0; lastKnownFileType = "compiled.mach-o.dylib"; name = "libc++.dylib"; path = "usr/lib/libc++.dylib"; sourceTree = SDKROOT; };
		1B6E036014BC4D78A6200720 /* GoogleToolboxForMac.framework */ = {isa = PBXFileReference; explicitFileType = undefined; fileEncoding = 9; includeInIndex = 0; lastKnownFileType = wrapper.framework; name = GoogleToolboxForMac.framework; path = "REALTIME REQUEST/Plugins/cordova-plugin-firebase/GoogleToolboxForMac.framework"; sourceTree = "<group>"; };
		1C993932E73545469BEE1878 /* CDVReachability.m */ = {isa = PBXFileReference; explicitFileType = undefined; fileEncoding = 4; includeInIndex = 0; lastKnownFileType = sourcecode.c.objc; name = CDVReachability.m; path = "cordova-plugin-network-information/CDVReachability.m"; sourceTree = "<group>"; };
		1D3623240D0F684500981E51 /* AppDelegate.h */ = {isa = PBXFileReference; fileEncoding = 4; lastKnownFileType = sourcecode.c.h; path = AppDelegate.h; sourceTree = "<group>"; };
		1D3623250D0F684500981E51 /* AppDelegate.m */ = {isa = PBXFileReference; fileEncoding = 4; lastKnownFileType = sourcecode.c.objc; path = AppDelegate.m; sourceTree = "<group>"; };
		1D6058910D05DD3D006BFB54 /* REALTIME REQUEST.app */ = {isa = PBXFileReference; explicitFileType = wrapper.application; includeInIndex = 0; path = "REALTIME REQUEST.app"; sourceTree = BUILT_PRODUCTS_DIR; };
		1D68A7EA573F438D8CE88470 /* IonicKeyboard.m */ = {isa = PBXFileReference; explicitFileType = undefined; fileEncoding = 4; includeInIndex = 0; lastKnownFileType = sourcecode.c.objc; name = IonicKeyboard.m; path = "ionic-plugin-keyboard/IonicKeyboard.m"; sourceTree = "<group>"; };
		2746E531EBCC438883005633 /* Security.framework */ = {isa = PBXFileReference; explicitFileType = undefined; fileEncoding = 9; includeInIndex = 0; lastKnownFileType = wrapper.framework; name = Security.framework; path = System/Library/Frameworks/Security.framework; sourceTree = SDKROOT; };
		283BC15729F949EBAD88F2B0 /* CDVStatusBar.m */ = {isa = PBXFileReference; explicitFileType = undefined; fileEncoding = 4; includeInIndex = 0; lastKnownFileType = sourcecode.c.objc; name = CDVStatusBar.m; path = "cordova-plugin-statusbar/CDVStatusBar.m"; sourceTree = "<group>"; };
		29B97316FDCFA39411CA2CEA /* main.m */ = {isa = PBXFileReference; fileEncoding = 4; lastKnownFileType = sourcecode.c.objc; path = main.m; sourceTree = "<group>"; };
		2A5DAFC4D9E44DE5A0EEC33E /* PayPalConfiguration.h */ = {isa = PBXFileReference; explicitFileType = undefined; fileEncoding = 4; includeInIndex = 0; lastKnownFileType = sourcecode.c.h; name = PayPalConfiguration.h; path = com.paypal.cordova.mobilesdk/PayPalConfiguration.h; sourceTree = "<group>"; };
		2BAAB1D1E2E140A7B1EF7AC4 /* CDVConnection.h */ = {isa = PBXFileReference; explicitFileType = undefined; fileEncoding = 4; includeInIndex = 0; lastKnownFileType = sourcecode.c.h; name = CDVConnection.h; path = "cordova-plugin-network-information/CDVConnection.h"; sourceTree = "<group>"; };
		2BDEC4B4E086470682A4CD3E /* PayPalPayment.h */ = {isa = PBXFileReference; explicitFileType = undefined; fileEncoding = 4; includeInIndex = 0; lastKnownFileType = sourcecode.c.h; name = PayPalPayment.h; path = com.paypal.cordova.mobilesdk/PayPalPayment.h; sourceTree = "<group>"; };
		2C4AA05324A24F618FDECB1A /* libPayPalMobile.a */ = {isa = PBXFileReference; explicitFileType = undefined; fileEncoding = 9; includeInIndex = 0; lastKnownFileType = archive.ar; name = libPayPalMobile.a; path = "REALTIME REQUEST/Plugins/com.paypal.cordova.mobilesdk/libPayPalMobile.a"; sourceTree = "<group>"; };
		301BF52D109A57CC0062928A /* CordovaLib/CordovaLib.xcodeproj */ = {isa = PBXFileReference; lastKnownFileType = "wrapper.pb-project"; path = CordovaLib/CordovaLib.xcodeproj; sourceTree = "<group>"; };
		301BF56E109A69640062928A /* www */ = {isa = PBXFileReference; lastKnownFileType = folder; path = www; sourceTree = SOURCE_ROOT; };
		302D95EE14D2391D003F00A1 /* MainViewController.h */ = {isa = PBXFileReference; fileEncoding = 4; lastKnownFileType = sourcecode.c.h; path = MainViewController.h; sourceTree = "<group>"; };
		302D95EF14D2391D003F00A1 /* MainViewController.m */ = {isa = PBXFileReference; fileEncoding = 4; lastKnownFileType = sourcecode.c.objc; path = MainViewController.m; sourceTree = "<group>"; };
		302D95F014D2391D003F00A1 /* MainViewController.xib */ = {isa = PBXFileReference; fileEncoding = 4; lastKnownFileType = file.xib; path = MainViewController.xib; sourceTree = "<group>"; };
		3047A50F1AB8059700498E2A /* build-debug.xcconfig */ = {isa = PBXFileReference; fileEncoding = 4; lastKnownFileType = text.xcconfig; name = "build-debug.xcconfig"; path = "cordova/build-debug.xcconfig"; sourceTree = SOURCE_ROOT; };
		3047A5101AB8059700498E2A /* build-release.xcconfig */ = {isa = PBXFileReference; fileEncoding = 4; lastKnownFileType = text.xcconfig; name = "build-release.xcconfig"; path = "cordova/build-release.xcconfig"; sourceTree = SOURCE_ROOT; };
		3047A5111AB8059700498E2A /* build.xcconfig */ = {isa = PBXFileReference; fileEncoding = 4; lastKnownFileType = text.xcconfig; name = build.xcconfig; path = cordova/build.xcconfig; sourceTree = SOURCE_ROOT; };
		32CA4F630368D1EE00C91783 /* REALTIME REQUEST-Prefix.pch */ = {isa = PBXFileReference; fileEncoding = 4; lastKnownFileType = sourcecode.c.h; path = "REALTIME REQUEST-Prefix.pch"; sourceTree = "<group>"; };
		3E39A05A593A4716AFFBE729 /* UIKit.framework */ = {isa = PBXFileReference; explicitFileType = undefined; fileEncoding = 9; includeInIndex = 0; lastKnownFileType = wrapper.framework; name = UIKit.framework; path = System/Library/Frameworks/UIKit.framework; sourceTree = SDKROOT; };
		3F103C44955B4FD382B39AB6 /* FirebaseRemoteConfig.framework */ = {isa = PBXFileReference; explicitFileType = undefined; fileEncoding = 9; includeInIndex = 0; lastKnownFileType = wrapper.framework; name = FirebaseRemoteConfig.framework; path = "REALTIME REQUEST/Plugins/cordova-plugin-firebase/FirebaseRemoteConfig.framework"; sourceTree = "<group>"; };
		407AC617C5AA4005AF88C684 /* FacebookConnectPlugin.h */ = {isa = PBXFileReference; explicitFileType = undefined; fileEncoding = 4; includeInIndex = 0; lastKnownFileType = sourcecode.c.h; name = FacebookConnectPlugin.h; path = "cordova-plugin-facebook4/FacebookConnectPlugin.h"; sourceTree = "<group>"; };
		43B7BB26705D437FBFB2E738 /* CardIOCordovaPlugin.m */ = {isa = PBXFileReference; explicitFileType = undefined; fileEncoding = 4; includeInIndex = 0; lastKnownFileType = sourcecode.c.objc; name = CardIOCordovaPlugin.m; path = card.io.cordova.mobilesdk/CardIOCordovaPlugin.m; sourceTree = "<group>"; };
		4BD55BADE13A43978E605ABA /* CardIOPaymentViewControllerDelegate.h */ = {isa = PBXFileReference; explicitFileType = undefined; fileEncoding = 4; includeInIndex = 0; lastKnownFileType = sourcecode.c.h; name = CardIOPaymentViewControllerDelegate.h; path = card.io.cordova.mobilesdk/CardIOPaymentViewControllerDelegate.h; sourceTree = "<group>"; };
		506C889646B1499195F97E0D /* CDVConnection.m */ = {isa = PBXFileReference; explicitFileType = undefined; fileEncoding = 4; includeInIndex = 0; lastKnownFileType = sourcecode.c.objc; name = CDVConnection.m; path = "cordova-plugin-network-information/CDVConnection.m"; sourceTree = "<group>"; };
		520BDFE8E5C24E72B612AFA9 /* StreamingMedia.m */ = {isa = PBXFileReference; explicitFileType = undefined; fileEncoding = 4; includeInIndex = 0; lastKnownFileType = sourcecode.c.objc; name = StreamingMedia.m; path = com.hutchind.cordova.plugins.streamingmedia/StreamingMedia.m; sourceTree = "<group>"; };
		5C1149D9BA7D4218834930CB /* CardIO.h */ = {isa = PBXFileReference; explicitFileType = undefined; fileEncoding = 4; includeInIndex = 0; lastKnownFileType = sourcecode.c.h; name = CardIO.h; path = card.io.cordova.mobilesdk/CardIO.h; sourceTree = "<group>"; };
		5C712AEE2ED646688C160D2B /* Bolts.framework */ = {isa = PBXFileReference; explicitFileType = undefined; fileEncoding = 9; includeInIndex = 0; lastKnownFileType = wrapper.framework; name = Bolts.framework; path = "REALTIME REQUEST/Plugins/cordova-plugin-facebook4/Bolts.framework"; sourceTree = "<group>"; };
		658A263025724DD7A40492C7 /* Firebase.h */ = {isa = PBXFileReference; explicitFileType = undefined; fileEncoding = 4; includeInIndex = 0; lastKnownFileType = sourcecode.c.h; name = Firebase.h; path = "cordova-plugin-firebase/Firebase.h"; sourceTree = "<group>"; };
		676254EF98ED4CEE8B11E622 /* CardIOPaymentViewController.h */ = {isa = PBXFileReference; explicitFileType = undefined; fileEncoding = 4; includeInIndex = 0; lastKnownFileType = sourcecode.c.h; name = CardIOPaymentViewController.h; path = card.io.cordova.mobilesdk/CardIOPaymentViewController.h; sourceTree = "<group>"; };
		6AFF5BF81D6E424B00AB3073 /* CDVLaunchScreen.storyboard */ = {isa = PBXFileReference; fileEncoding = 4; lastKnownFileType = file.storyboard; name = CDVLaunchScreen.storyboard; path = "REALTIME REQUEST/CDVLaunchScreen.storyboard"; sourceTree = SOURCE_ROOT; };
		6F691CBB819E42E29CD18B64 /* UIImage+CropScaleOrientation.m */ = {isa = PBXFileReference; explicitFileType = undefined; fileEncoding = 4; includeInIndex = 0; lastKnownFileType = sourcecode.c.objc; name = "UIImage+CropScaleOrientation.m"; path = "cordova-plugin-camera/UIImage+CropScaleOrientation.m"; sourceTree = "<group>"; };
		7105F4EAD3954A19A8FA650A /* CardIOUtilities.h */ = {isa = PBXFileReference; explicitFileType = undefined; fileEncoding = 4; includeInIndex = 0; lastKnownFileType = sourcecode.c.h; name = CardIOUtilities.h; path = card.io.cordova.mobilesdk/CardIOUtilities.h; sourceTree = "<group>"; };
		738A6696C9614C1AB6B8570B /* PayPalMobileCordovaPlugin.m */ = {isa = PBXFileReference; explicitFileType = undefined; fileEncoding = 4; includeInIndex = 0; lastKnownFileType = sourcecode.c.objc; name = PayPalMobileCordovaPlugin.m; path = com.paypal.cordova.mobilesdk/PayPalMobileCordovaPlugin.m; sourceTree = "<group>"; };
		76F9181EBA214544BEF04B30 /* AVFoundation.framework */ = {isa = PBXFileReference; explicitFileType = undefined; fileEncoding = 9; includeInIndex = 0; lastKnownFileType = wrapper.framework; name = AVFoundation.framework; path = System/Library/Frameworks/AVFoundation.framework; sourceTree = SDKROOT; };
		770667FFF4AC4246A1BF8E78 /* CDVDevice.m */ = {isa = PBXFileReference; explicitFileType = undefined; fileEncoding = 4; includeInIndex = 0; lastKnownFileType = sourcecode.c.objc; name = CDVDevice.m; path = "cordova-plugin-device/CDVDevice.m"; sourceTree = "<group>"; };
		82993FE6D2254E5BA0791C3F /* FirebaseInstanceID.framework */ = {isa = PBXFileReference; explicitFileType = undefined; fileEncoding = 9; includeInIndex = 0; lastKnownFileType = wrapper.framework; name = FirebaseInstanceID.framework; path = "REALTIME REQUEST/Plugins/cordova-plugin-firebase/FirebaseInstanceID.framework"; sourceTree = "<group>"; };
		82D505B92492463C87149D88 /* FirebaseCore.framework */ = {isa = PBXFileReference; explicitFileType = undefined; fileEncoding = 9; includeInIndex = 0; lastKnownFileType = wrapper.framework; name = FirebaseCore.framework; path = "REALTIME REQUEST/Plugins/cordova-plugin-firebase/FirebaseCore.framework"; sourceTree = "<group>"; };
		88443D7127E54A11AAE55B54 /* CDVSplashScreen.m */ = {isa = PBXFileReference; explicitFileType = undefined; fileEncoding = 4; includeInIndex = 0; lastKnownFileType = sourcecode.c.objc; name = CDVSplashScreen.m; path = "cordova-plugin-splashscreen/CDVSplashScreen.m"; sourceTree = "<group>"; };
		88C67E82F9EF4FE88FCBD94A /* UIImage+CropScaleOrientation.h */ = {isa = PBXFileReference; explicitFileType = undefined; fileEncoding = 4; includeInIndex = 0; lastKnownFileType = sourcecode.c.h; name = "UIImage+CropScaleOrientation.h"; path = "cordova-plugin-camera/UIImage+CropScaleOrientation.h"; sourceTree = "<group>"; };
		891E76DB3B10455C913FC778 /* CDVViewController+SplashScreen.h */ = {isa = PBXFileReference; explicitFileType = undefined; fileEncoding = 4; includeInIndex = 0; lastKnownFileType = sourcecode.c.h; name = "CDVViewController+SplashScreen.h"; path = "cordova-plugin-splashscreen/CDVViewController+SplashScreen.h"; sourceTree = "<group>"; };
		8D1107310486CEB800E47090 /* REALTIME REQUEST-Info.plist */ = {isa = PBXFileReference; fileEncoding = 4; lastKnownFileType = text.plist.xml; name = "REALTIME REQUEST-Info.plist"; path = "REALTIME REQUEST/REALTIME REQUEST-Info.plist"; plistStructureDefinitionIdentifier = "com.apple.xcode.plist.structure-definition.iphone.info-plist"; sourceTree = SOURCE_ROOT; };
		91B8A060B8C54B41B89F396E /* FacebookConnectPlugin.m */ = {isa = PBXFileReference; explicitFileType = undefined; fileEncoding = 4; includeInIndex = 0; lastKnownFileType = sourcecode.c.objc; name = FacebookConnectPlugin.m; path = "cordova-plugin-facebook4/FacebookConnectPlugin.m"; sourceTree = "<group>"; };
		92CC368278DA48EF91DDD95F /* PayPalMobile.h */ = {isa = PBXFileReference; explicitFileType = undefined; fileEncoding = 4; includeInIndex = 0; lastKnownFileType = sourcecode.c.h; name = PayPalMobile.h; path = com.paypal.cordova.mobilesdk/PayPalMobile.h; sourceTree = "<group>"; };
		99625A119E374C6281CCEE10 /* SystemConfiguration.framework */ = {isa = PBXFileReference; explicitFileType = undefined; fileEncoding = 9; includeInIndex = 0; lastKnownFileType = wrapper.framework; name = SystemConfiguration.framework; path = System/Library/Frameworks/SystemConfiguration.framework; sourceTree = SDKROOT; };
		9A196251AE9A4D0ABB1029BA /* CardIOViewDelegate.h */ = {isa = PBXFileReference; explicitFileType = undefined; fileEncoding = 4; includeInIndex = 0; lastKnownFileType = sourcecode.c.h; name = CardIOViewDelegate.h; path = card.io.cordova.mobilesdk/CardIOViewDelegate.h; sourceTree = "<group>"; };
		9A4C72103B4A4E56AD69119C /* MediaPlayer.framework */ = {isa = PBXFileReference; explicitFileType = undefined; fileEncoding = 9; includeInIndex = 0; lastKnownFileType = wrapper.framework; name = MediaPlayer.framework; path = System/Library/Frameworks/MediaPlayer.framework; sourceTree = SDKROOT; };
		9EC291EBD3B74336B79E2519 /* CoreLocation.framework */ = {isa = PBXFileReference; explicitFileType = undefined; fileEncoding = 9; includeInIndex = 0; lastKnownFileType = wrapper.framework; name = CoreLocation.framework; path = System/Library/Frameworks/CoreLocation.framework; sourceTree = SDKROOT; };
		A0B762EB8A944F78853EFC14 /* FirebaseMessaging.framework */ = {isa = PBXFileReference; explicitFileType = undefined; fileEncoding = 9; includeInIndex = 0; lastKnownFileType = wrapper.framework; name = FirebaseMessaging.framework; path = "REALTIME REQUEST/Plugins/cordova-plugin-firebase/FirebaseMessaging.framework"; sourceTree = "<group>"; };
		A4C75578108D409F9F7D520C /* GoogleService-Info.plist */ = {isa = PBXFileReference; explicitFileType = undefined; fileEncoding = 4; includeInIndex = 0; lastKnownFileType = text.plist.xml; path = "GoogleService-Info.plist"; sourceTree = "<group>"; };
		A55415A6E3A64905BCB37427 /* FirebasePlugin.m */ = {isa = PBXFileReference; explicitFileType = undefined; fileEncoding = 4; includeInIndex = 0; lastKnownFileType = sourcecode.c.objc; name = FirebasePlugin.m; path = "cordova-plugin-firebase/FirebasePlugin.m"; sourceTree = "<group>"; };
		A662CC0430E5477A88ECC12B /* CDVCamera.m */ = {isa = PBXFileReference; explicitFileType = undefined; fileEncoding = 4; includeInIndex = 0; lastKnownFileType = sourcecode.c.objc; name = CDVCamera.m; path = "cordova-plugin-camera/CDVCamera.m"; sourceTree = "<group>"; };
		A75B5BD9F9164C25B00C6C13 /* FBSDKLoginKit.framework */ = {isa = PBXFileReference; explicitFileType = undefined; fileEncoding = 9; includeInIndex = 0; lastKnownFileType = wrapper.framework; name = FBSDKLoginKit.framework; path = "REALTIME REQUEST/Plugins/cordova-plugin-facebook4/FBSDKLoginKit.framework"; sourceTree = "<group>"; };
		ABBD5B5EAA814EBE85350E78 /* AppDelegate+FirebasePlugin.h */ = {isa = PBXFileReference; explicitFileType = undefined; fileEncoding = 4; includeInIndex = 0; lastKnownFileType = sourcecode.c.h; name = "AppDelegate+FirebasePlugin.h"; path = "cordova-plugin-firebase/AppDelegate+FirebasePlugin.h"; sourceTree = "<group>"; };
		AD669F9DEE914E93A89D45AD /* Foundation.framework */ = {isa = PBXFileReference; explicitFileType = undefined; fileEncoding = 9; includeInIndex = 0; lastKnownFileType = wrapper.framework; name = Foundation.framework; path = System/Library/Frameworks/Foundation.framework; sourceTree = SDKROOT; };
		B0B51A01E920476180C2A090 /* Accelerate.framework */ = {isa = PBXFileReference; explicitFileType = undefined; fileEncoding = 9; includeInIndex = 0; lastKnownFileType = wrapper.framework; name = Accelerate.framework; path = System/Library/Frameworks/Accelerate.framework; sourceTree = SDKROOT; };
		B1D66A36F4CE4BC6BF3550A2 /* CoreVideo.framework */ = {isa = PBXFileReference; explicitFileType = undefined; fileEncoding = 9; includeInIndex = 0; lastKnownFileType = wrapper.framework; name = CoreVideo.framework; path = System/Library/Frameworks/CoreVideo.framework; sourceTree = SDKROOT; };
		B724BB682202435DA3768DC2 /* CDVJpegHeaderWriter.h */ = {isa = PBXFileReference; explicitFileType = undefined; fileEncoding = 4; includeInIndex = 0; lastKnownFileType = sourcecode.c.h; name = CDVJpegHeaderWriter.h; path = "cordova-plugin-camera/CDVJpegHeaderWriter.h"; sourceTree = "<group>"; };
		BC1B4A87C6ED47F1AD5E202E /* CDVStatusBar.h */ = {isa = PBXFileReference; explicitFileType = undefined; fileEncoding = 4; includeInIndex = 0; lastKnownFileType = sourcecode.c.h; name = CDVStatusBar.h; path = "cordova-plugin-statusbar/CDVStatusBar.h"; sourceTree = "<group>"; };
		C4E890A45F8D47E287362119 /* CDVCamera.h */ = {isa = PBXFileReference; explicitFileType = undefined; fileEncoding = 4; includeInIndex = 0; lastKnownFileType = sourcecode.c.h; name = CDVCamera.h; path = "cordova-plugin-camera/CDVCamera.h"; sourceTree = "<group>"; };
		C5A79EB4FCA84F87B75BFA2A /* CDVDevice.h */ = {isa = PBXFileReference; explicitFileType = undefined; fileEncoding = 4; includeInIndex = 0; lastKnownFileType = sourcecode.c.h; name = CDVDevice.h; path = "cordova-plugin-device/CDVDevice.h"; sourceTree = "<group>"; };
		C5C3ADDA0C41496EAF26760A /* StreamingMedia.h */ = {isa = PBXFileReference; explicitFileType = undefined; fileEncoding = 4; includeInIndex = 0; lastKnownFileType = sourcecode.c.h; name = StreamingMedia.h; path = com.hutchind.cordova.plugins.streamingmedia/StreamingMedia.h; sourceTree = "<group>"; };
		C7FC56B13C754A8FBB796FD5 /* FirebaseAnalytics.framework */ = {isa = PBXFileReference; explicitFileType = undefined; fileEncoding = 9; includeInIndex = 0; lastKnownFileType = wrapper.framework; name = FirebaseAnalytics.framework; path = "REALTIME REQUEST/Plugins/cordova-plugin-firebase/FirebaseAnalytics.framework"; sourceTree = "<group>"; };
		CBEBB1DF2B4B40F2A7DB908D /* PayPalPaymentViewController.h */ = {isa = PBXFileReference; explicitFileType = undefined; fileEncoding = 4; includeInIndex = 0; lastKnownFileType = sourcecode.c.h; name = PayPalPaymentViewController.h; path = com.paypal.cordova.mobilesdk/PayPalPaymentViewController.h; sourceTree = "<group>"; };
		CF39F07A9278471392C29776 /* FirebaseCrash.framework */ = {isa = PBXFileReference; explicitFileType = undefined; fileEncoding = 9; includeInIndex = 0; lastKnownFileType = wrapper.framework; name = FirebaseCrash.framework; path = "REALTIME REQUEST/Plugins/cordova-plugin-firebase/FirebaseCrash.framework"; sourceTree = "<group>"; };
		D221F2B6B12441D4B6E7FF05 /* Protobuf.framework */ = {isa = PBXFileReference; explicitFileType = undefined; fileEncoding = 9; includeInIndex = 0; lastKnownFileType = wrapper.framework; name = Protobuf.framework; path = "REALTIME REQUEST/Plugins/cordova-plugin-firebase/Protobuf.framework"; sourceTree = "<group>"; };
		D3A9BF66C71A4133BC072640 /* PayPalOAuthScopes.h */ = {isa = PBXFileReference; explicitFileType = undefined; fileEncoding = 4; includeInIndex = 0; lastKnownFileType = sourcecode.c.h; name = PayPalOAuthScopes.h; path = com.paypal.cordova.mobilesdk/PayPalOAuthScopes.h; sourceTree = "<group>"; };
		D7307C7FD2ED437DB630CF36 /* libopencv_core.a */ = {isa = PBXFileReference; explicitFileType = undefined; fileEncoding = 9; includeInIndex = 0; lastKnownFileType = archive.ar; name = libopencv_core.a; path = "REALTIME REQUEST/Plugins/card.io.cordova.mobilesdk/libopencv_core.a"; sourceTree = "<group>"; };
		D8BEF69AE51D44979BDFC720 /* QuartzCore.framework */ = {isa = PBXFileReference; explicitFileType = undefined; fileEncoding = 9; includeInIndex = 0; lastKnownFileType = wrapper.framework; name = QuartzCore.framework; path = System/Library/Frameworks/QuartzCore.framework; sourceTree = SDKROOT; };
		DB3587310C27458BB9B631A8 /* CDVSplashScreen.h */ = {isa = PBXFileReference; explicitFileType = undefined; fileEncoding = 4; includeInIndex = 0; lastKnownFileType = sourcecode.c.h; name = CDVSplashScreen.h; path = "cordova-plugin-splashscreen/CDVSplashScreen.h"; sourceTree = "<group>"; };
		DBFC06BD3864426AA039B98E /* CDVViewController+SplashScreen.m */ = {isa = PBXFileReference; explicitFileType = undefined; fileEncoding = 4; includeInIndex = 0; lastKnownFileType = sourcecode.c.objc; name = "CDVViewController+SplashScreen.m"; path = "cordova-plugin-splashscreen/CDVViewController+SplashScreen.m"; sourceTree = "<group>"; };
		DF6A2A04B1A04B7CB1029997 /* PayPalFuturePaymentViewController.h */ = {isa = PBXFileReference; explicitFileType = undefined; fileEncoding = 4; includeInIndex = 0; lastKnownFileType = sourcecode.c.h; name = PayPalFuturePaymentViewController.h; path = com.paypal.cordova.mobilesdk/PayPalFuturePaymentViewController.h; sourceTree = "<group>"; };
		E2B03572BE2C4425ADC8CF2C /* libCardIO.a */ = {isa = PBXFileReference; explicitFileType = undefined; fileEncoding = 9; includeInIndex = 0; lastKnownFileType = archive.ar; name = libCardIO.a; path = "REALTIME REQUEST/Plugins/card.io.cordova.mobilesdk/libCardIO.a"; sourceTree = "<group>"; };
		E2F5CA616FEE47BB988FEA2A /* OpenGLES.framework */ = {isa = PBXFileReference; explicitFileType = undefined; fileEncoding = 9; includeInIndex = 0; lastKnownFileType = wrapper.framework; name = OpenGLES.framework; path = System/Library/Frameworks/OpenGLES.framework; sourceTree = SDKROOT; };
		E48085BE3AAE436D852D1F55 /* ImageIO.framework */ = {isa = PBXFileReference; explicitFileType = undefined; fileEncoding = 9; includeInIndex = 0; lastKnownFileType = wrapper.framework; name = ImageIO.framework; path = System/Library/Frameworks/ImageIO.framework; sourceTree = SDKROOT; };
		E4E78AFAD50E42E18EEEF442 /* PayPalProfileSharingViewController.h */ = {isa = PBXFileReference; explicitFileType = undefined; fileEncoding = 4; includeInIndex = 0; lastKnownFileType = sourcecode.c.h; name = PayPalProfileSharingViewController.h; path = com.paypal.cordova.mobilesdk/PayPalProfileSharingViewController.h; sourceTree = "<group>"; };
		E55E18822B6C43ADA9D3656C /* CDVJpegHeaderWriter.m */ = {isa = PBXFileReference; explicitFileType = undefined; fileEncoding = 4; includeInIndex = 0; lastKnownFileType = sourcecode.c.objc; name = CDVJpegHeaderWriter.m; path = "cordova-plugin-camera/CDVJpegHeaderWriter.m"; sourceTree = "<group>"; };
		E5B9B14ED6574FD1B054F272 /* CardIODetectionMode.h */ = {isa = PBXFileReference; explicitFileType = undefined; fileEncoding = 4; includeInIndex = 0; lastKnownFileType = sourcecode.c.h; name = CardIODetectionMode.h; path = card.io.cordova.mobilesdk/CardIODetectionMode.h; sourceTree = "<group>"; };
		E5EAFA1F432B440493A70C20 /* AppDelegate+FirebasePlugin.m */ = {isa = PBXFileReference; explicitFileType = undefined; fileEncoding = 4; includeInIndex = 0; lastKnownFileType = sourcecode.c.objc; name = "AppDelegate+FirebasePlugin.m"; path = "cordova-plugin-firebase/AppDelegate+FirebasePlugin.m"; sourceTree = "<group>"; };
		E72462CC08DF4BCA90E7C0AD /* CardIOView.h */ = {isa = PBXFileReference; explicitFileType = undefined; fileEncoding = 4; includeInIndex = 0; lastKnownFileType = sourcecode.c.h; name = CardIOView.h; path = card.io.cordova.mobilesdk/CardIOView.h; sourceTree = "<group>"; };
		E77A2FCBF79E4A5B98BB728F /* CDVExif.h */ = {isa = PBXFileReference; explicitFileType = undefined; fileEncoding = 4; includeInIndex = 0; lastKnownFileType = sourcecode.c.h; name = CDVExif.h; path = "cordova-plugin-camera/CDVExif.h"; sourceTree = "<group>"; };
		EB5606AEF3F14FD0B0393A76 /* CDVInAppBrowser.h */ = {isa = PBXFileReference; explicitFileType = undefined; fileEncoding = 4; includeInIndex = 0; lastKnownFileType = sourcecode.c.h; name = CDVInAppBrowser.h; path = "cordova-plugin-inappbrowser/CDVInAppBrowser.h"; sourceTree = "<group>"; };
		EB87FDF31871DA8E0020F90C /* www */ = {isa = PBXFileReference; lastKnownFileType = folder; name = www; path = ../../www; sourceTree = "<group>"; };
		EB87FDF41871DAF40020F90C /* config.xml */ = {isa = PBXFileReference; lastKnownFileType = text.xml; name = config.xml; path = ../../config.xml; sourceTree = "<group>"; };
		EC80ABE3B3F048E9AABD57BD /* SafariServices.framework */ = {isa = PBXFileReference; explicitFileType = undefined; fileEncoding = 9; includeInIndex = 0; lastKnownFileType = wrapper.framework; name = SafariServices.framework; path = System/Library/Frameworks/SafariServices.framework; sourceTree = SDKROOT; };
		ED33DF2A687741AEAF9F8254 /* Bridging-Header.h */ = {isa = PBXFileReference; fileEncoding = 4; lastKnownFileType = sourcecode.c.h; path = "Bridging-Header.h"; sourceTree = "<group>"; };
		EE41E524E365413293CA8854 /* CoreMedia.framework */ = {isa = PBXFileReference; explicitFileType = undefined; fileEncoding = 9; includeInIndex = 0; lastKnownFileType = wrapper.framework; name = CoreMedia.framework; path = System/Library/Frameworks/CoreMedia.framework; sourceTree = SDKROOT; };
		EFA954971D8345EB864CE735 /* CoreTelephony.framework */ = {isa = PBXFileReference; explicitFileType = undefined; fileEncoding = 9; includeInIndex = 0; lastKnownFileType = wrapper.framework; name = CoreTelephony.framework; path = System/Library/Frameworks/CoreTelephony.framework; sourceTree = SDKROOT; };
		F0955EACD3B648CA9175E852 /* PayPalMobileCordovaPlugin.h */ = {isa = PBXFileReference; explicitFileType = undefined; fileEncoding = 4; includeInIndex = 0; lastKnownFileType = sourcecode.c.h; name = PayPalMobileCordovaPlugin.h; path = com.paypal.cordova.mobilesdk/PayPalMobileCordovaPlugin.h; sourceTree = "<group>"; };
		F0D467CEFB374D66A34ACE49 /* IonicKeyboard.h */ = {isa = PBXFileReference; explicitFileType = undefined; fileEncoding = 4; includeInIndex = 0; lastKnownFileType = sourcecode.c.h; name = IonicKeyboard.h; path = "ionic-plugin-keyboard/IonicKeyboard.h"; sourceTree = "<group>"; };
		F2882D72173F4EA2A9FBB315 /* CardIOCordovaPlugin.h */ = {isa = PBXFileReference; explicitFileType = undefined; fileEncoding = 4; includeInIndex = 0; lastKnownFileType = sourcecode.c.h; name = CardIOCordovaPlugin.h; path = card.io.cordova.mobilesdk/CardIOCordovaPlugin.h; sourceTree = "<group>"; };
		F3E39A06FAF14304BE8A5FD2 /* CDVReachability.h */ = {isa = PBXFileReference; explicitFileType = undefined; fileEncoding = 4; includeInIndex = 0; lastKnownFileType = sourcecode.c.h; name = CDVReachability.h; path = "cordova-plugin-network-information/CDVReachability.h"; sourceTree = "<group>"; };
		F50FCA75424C482991BEEA0B /* CDVInAppBrowser.m */ = {isa = PBXFileReference; explicitFileType = undefined; fileEncoding = 4; includeInIndex = 0; lastKnownFileType = sourcecode.c.objc; name = CDVInAppBrowser.m; path = "cordova-plugin-inappbrowser/CDVInAppBrowser.m"; sourceTree = "<group>"; };
		F6BA2FD031224802B23F766D /* FirebasePlugin.h */ = {isa = PBXFileReference; explicitFileType = undefined; fileEncoding = 4; includeInIndex = 0; lastKnownFileType = sourcecode.c.h; name = FirebasePlugin.h; path = "cordova-plugin-firebase/FirebasePlugin.h"; sourceTree = "<group>"; };
		F840E1F0165FE0F500CFE078 /* config.xml */ = {isa = PBXFileReference; lastKnownFileType = text.xml; name = config.xml; path = "REALTIME REQUEST/config.xml"; sourceTree = "<group>"; };
		F8539D78A8234FBE8036E69D /* FBSDKShareKit.framework */ = {isa = PBXFileReference; explicitFileType = undefined; fileEncoding = 9; includeInIndex = 0; lastKnownFileType = wrapper.framework; name = FBSDKShareKit.framework; path = "REALTIME REQUEST/Plugins/cordova-plugin-facebook4/FBSDKShareKit.framework"; sourceTree = "<group>"; };
		FDD7BB6B37984FD1A37AE2F9 /* AudioToolbox.framework */ = {isa = PBXFileReference; explicitFileType = undefined; fileEncoding = 9; includeInIndex = 0; lastKnownFileType = wrapper.framework; name = AudioToolbox.framework; path = System/Library/Frameworks/AudioToolbox.framework; sourceTree = SDKROOT; };
/* End PBXFileReference section */

/* Begin PBXFrameworksBuildPhase section */
		1D60588F0D05DD3D006BFB54 /* Frameworks */ = {
			isa = PBXFrameworksBuildPhase;
			buildActionMask = 2147483647;
			files = (
				301BF552109A68D80062928A /* libCordova.a in Frameworks */,
				FA0D68712ED44FA083D93066 /* libCardIO.a in Frameworks */,
				DF07D32424DF45A2BAF4DAA4 /* libopencv_core.a in Frameworks */,
				E97FD1CA24C94500B54267CD /* libopencv_imgproc.a in Frameworks */,
				0E4D6884F225405889007AF6 /* Accelerate.framework in Frameworks */,
				50CE9B3BBECB4D829FF5E6C2 /* AudioToolbox.framework in Frameworks */,
				C6A48EA4A442434F9BBAAA6E /* AVFoundation.framework in Frameworks */,
				A2B1160C536E435C95484EF3 /* CoreMedia.framework in Frameworks */,
				B6766C6BD4E24D0B81858BA5 /* CoreVideo.framework in Frameworks */,
				8CCBB9F272E3479F94EFD997 /* Foundation.framework in Frameworks */,
				59D34DF4494B4EC1AC5D1CE3 /* OpenGLES.framework in Frameworks */,
				02F1E6F06DB4497F83DB7AA0 /* QuartzCore.framework in Frameworks */,
				47066457117D46F4AC499371 /* Security.framework in Frameworks */,
				91B06CF2C0F04EDC86257126 /* UIKit.framework in Frameworks */,
				3D0E57EF42A744659158BE14 /* libc++.dylib in Frameworks */,
				90301B5696A8454BB06ABF00 /* MediaPlayer.framework in Frameworks */,
				C552678B8BB84E60B8A7775F /* libPayPalMobile.a in Frameworks */,
				8281BEA4CCF04E36B4080E98 /* CFNetwork.framework in Frameworks */,
				84D19F293A1744DFBD2A8D6B /* CoreLocation.framework in Frameworks */,
				4D94E4A02B22457FBD81E89C /* MessageUI.framework in Frameworks */,
				BF70CDA9090E4557A7B24FA7 /* SafariServices.framework in Frameworks */,
				9F1D65E128C940B4A54BDA94 /* SystemConfiguration.framework in Frameworks */,
				952E4D9E37504961A831B3C4 /* libPayPalMobile.a in Frameworks */,
				BA0338947F4A48F9890C0D70 /* ImageIO.framework in Frameworks */,
				701CF7AAF1954096A3613DA0 /* Bolts.framework in Frameworks */,
				5DC143204CBD4EE1A8F5BE6C /* FBSDKCoreKit.framework in Frameworks */,
				9A71CA6A08C34357AA93E9DE /* FBSDKLoginKit.framework in Frameworks */,
				63177FC59EBE4EE795A7CFAC /* FBSDKShareKit.framework in Frameworks */,
				6D8D8E3F57114A9FAE213934 /* FirebaseAnalytics.framework in Frameworks */,
				2E292F1764964BBD83637B92 /* FirebaseCore.framework in Frameworks */,
				91A5F46BB0FD481B87C607B6 /* FirebaseInstanceID.framework in Frameworks */,
				803CF9ECA58C4CFF858AD6A8 /* GoogleToolboxForMac.framework in Frameworks */,
				12B5DFCD70874AE48EB922D7 /* Protobuf.framework in Frameworks */,
				3F5E1B6C2A2B4ED2841B3FE4 /* FirebaseMessaging.framework in Frameworks */,
				52876B89F0334C65B5023137 /* FirebaseCrash.framework in Frameworks */,
				A45D51796CEA44A881E47429 /* FirebaseRemoteConfig.framework in Frameworks */,
				C8C6917CAC2A456B931A9F9C /* CoreTelephony.framework in Frameworks */,
			);
			runOnlyForDeploymentPostprocessing = 0;
		};
/* End PBXFrameworksBuildPhase section */

/* Begin PBXGroup section */
		080E96DDFE201D6D7F000001 /* Classes */ = {
			isa = PBXGroup;
			children = (
				302D95EE14D2391D003F00A1 /* MainViewController.h */,
				302D95EF14D2391D003F00A1 /* MainViewController.m */,
				302D95F014D2391D003F00A1 /* MainViewController.xib */,
				1D3623240D0F684500981E51 /* AppDelegate.h */,
				1D3623250D0F684500981E51 /* AppDelegate.m */,
			);
			name = Classes;
			path = "REALTIME REQUEST/Classes";
			sourceTree = SOURCE_ROOT;
		};
		19C28FACFE9D520D11CA2CBB /* Products */ = {
			isa = PBXGroup;
			children = (
				1D6058910D05DD3D006BFB54 /* REALTIME REQUEST.app */,
			);
			name = Products;
			sourceTree = "<group>";
		};
		29B97314FDCFA39411CA2CEA /* CustomTemplate */ = {
			isa = PBXGroup;
			children = (
				EB87FDF41871DAF40020F90C /* config.xml */,
				EB87FDF31871DA8E0020F90C /* www */,
				EB87FDF11871DA420020F90C /* Staging */,
				301BF52D109A57CC0062928A /* CordovaLib/CordovaLib.xcodeproj */,
				080E96DDFE201D6D7F000001 /* Classes */,
				307C750510C5A3420062BCA9 /* Plugins */,
				29B97315FDCFA39411CA2CEA /* Other Sources */,
				29B97317FDCFA39411CA2CEA /* Resources */,
				29B97323FDCFA39411CA2CEA /* Frameworks */,
				19C28FACFE9D520D11CA2CBB /* Products */,
			);
			name = CustomTemplate;
			sourceTree = "<group>";
		};
		29B97315FDCFA39411CA2CEA /* Other Sources */ = {
			isa = PBXGroup;
			children = (
				32CA4F630368D1EE00C91783 /* REALTIME REQUEST-Prefix.pch */,
				29B97316FDCFA39411CA2CEA /* main.m */,
				ED33DF2A687741AEAF9F8254 /* Bridging-Header.h */,
			);
			name = "Other Sources";
			path = "REALTIME REQUEST";
			sourceTree = "<group>";
		};
		29B97317FDCFA39411CA2CEA /* Resources */ = {
			isa = PBXGroup;
			children = (
				0207DA571B56EA530066E2B4 /* Images.xcassets */,
				3047A50E1AB8057F00498E2A /* config */,
				8D1107310486CEB800E47090 /* REALTIME REQUEST-Info.plist */,
				6AFF5BF81D6E424B00AB3073 /* CDVLaunchScreen.storyboard */,
				A4C75578108D409F9F7D520C /* GoogleService-Info.plist */,
			);
			name = Resources;
			path = "REALTIME REQUEST/Resources";
			sourceTree = "<group>";
		};
		29B97323FDCFA39411CA2CEA /* Frameworks */ = {
			isa = PBXGroup;
			children = (
				E2B03572BE2C4425ADC8CF2C /* libCardIO.a */,
				D7307C7FD2ED437DB630CF36 /* libopencv_core.a */,
				0FF8A2A2989340C3B54DC2C5 /* libopencv_imgproc.a */,
				B0B51A01E920476180C2A090 /* Accelerate.framework */,
				FDD7BB6B37984FD1A37AE2F9 /* AudioToolbox.framework */,
				76F9181EBA214544BEF04B30 /* AVFoundation.framework */,
				EE41E524E365413293CA8854 /* CoreMedia.framework */,
				B1D66A36F4CE4BC6BF3550A2 /* CoreVideo.framework */,
				AD669F9DEE914E93A89D45AD /* Foundation.framework */,
				E2F5CA616FEE47BB988FEA2A /* OpenGLES.framework */,
				D8BEF69AE51D44979BDFC720 /* QuartzCore.framework */,
				2746E531EBCC438883005633 /* Security.framework */,
				3E39A05A593A4716AFFBE729 /* UIKit.framework */,
				14EB2A8910BA42348C013A1D /* libc++.dylib */,
				9A4C72103B4A4E56AD69119C /* MediaPlayer.framework */,
				2C4AA05324A24F618FDECB1A /* libPayPalMobile.a */,
				0EF58CBE5A164A379968BFFF /* CFNetwork.framework */,
				9EC291EBD3B74336B79E2519 /* CoreLocation.framework */,
				126DF240041148C0AF4A945F /* MessageUI.framework */,
				EC80ABE3B3F048E9AABD57BD /* SafariServices.framework */,
				99625A119E374C6281CCEE10 /* SystemConfiguration.framework */,
				12DA0E6125EF421A9F916306 /* libPayPalMobile.a */,
				E48085BE3AAE436D852D1F55 /* ImageIO.framework */,
				5C712AEE2ED646688C160D2B /* Bolts.framework */,
				085227702A1141CC9299C1F0 /* FBSDKCoreKit.framework */,
				A75B5BD9F9164C25B00C6C13 /* FBSDKLoginKit.framework */,
				F8539D78A8234FBE8036E69D /* FBSDKShareKit.framework */,
				C7FC56B13C754A8FBB796FD5 /* FirebaseAnalytics.framework */,
				82D505B92492463C87149D88 /* FirebaseCore.framework */,
				82993FE6D2254E5BA0791C3F /* FirebaseInstanceID.framework */,
				1B6E036014BC4D78A6200720 /* GoogleToolboxForMac.framework */,
				D221F2B6B12441D4B6E7FF05 /* Protobuf.framework */,
				A0B762EB8A944F78853EFC14 /* FirebaseMessaging.framework */,
				CF39F07A9278471392C29776 /* FirebaseCrash.framework */,
				3F103C44955B4FD382B39AB6 /* FirebaseRemoteConfig.framework */,
				EFA954971D8345EB864CE735 /* CoreTelephony.framework */,
			);
			name = Frameworks;
			sourceTree = "<group>";
		};
		301BF52E109A57CC0062928A /* Products */ = {
			isa = PBXGroup;
			children = (
				301BF535109A57CC0062928A /* libCordova.a */,
				BA17E0FA1FD6BC70009CEAF2 /* Cordova.framework */,
			);
			name = Products;
			sourceTree = "<group>";
		};
		3047A50E1AB8057F00498E2A /* config */ = {
			isa = PBXGroup;
			children = (
				3047A50F1AB8059700498E2A /* build-debug.xcconfig */,
				3047A5101AB8059700498E2A /* build-release.xcconfig */,
				3047A5111AB8059700498E2A /* build.xcconfig */,
			);
			name = config;
			sourceTree = "<group>";
		};
		307C750510C5A3420062BCA9 /* Plugins */ = {
			isa = PBXGroup;
			children = (
				43B7BB26705D437FBFB2E738 /* CardIOCordovaPlugin.m */,
				F2882D72173F4EA2A9FBB315 /* CardIOCordovaPlugin.h */,
				5C1149D9BA7D4218834930CB /* CardIO.h */,
				04EA46F306C34E67A3F64C14 /* CardIOCreditCardInfo.h */,
				E5B9B14ED6574FD1B054F272 /* CardIODetectionMode.h */,
				676254EF98ED4CEE8B11E622 /* CardIOPaymentViewController.h */,
				4BD55BADE13A43978E605ABA /* CardIOPaymentViewControllerDelegate.h */,
				7105F4EAD3954A19A8FA650A /* CardIOUtilities.h */,
				E72462CC08DF4BCA90E7C0AD /* CardIOView.h */,
				9A196251AE9A4D0ABB1029BA /* CardIOViewDelegate.h */,
				520BDFE8E5C24E72B612AFA9 /* StreamingMedia.m */,
				C5C3ADDA0C41496EAF26760A /* StreamingMedia.h */,
				738A6696C9614C1AB6B8570B /* PayPalMobileCordovaPlugin.m */,
				F0955EACD3B648CA9175E852 /* PayPalMobileCordovaPlugin.h */,
				2A5DAFC4D9E44DE5A0EEC33E /* PayPalConfiguration.h */,
				DF6A2A04B1A04B7CB1029997 /* PayPalFuturePaymentViewController.h */,
				92CC368278DA48EF91DDD95F /* PayPalMobile.h */,
				D3A9BF66C71A4133BC072640 /* PayPalOAuthScopes.h */,
				2BDEC4B4E086470682A4CD3E /* PayPalPayment.h */,
				CBEBB1DF2B4B40F2A7DB908D /* PayPalPaymentViewController.h */,
				E4E78AFAD50E42E18EEEF442 /* PayPalProfileSharingViewController.h */,
				6F691CBB819E42E29CD18B64 /* UIImage+CropScaleOrientation.m */,
				A662CC0430E5477A88ECC12B /* CDVCamera.m */,
				E55E18822B6C43ADA9D3656C /* CDVJpegHeaderWriter.m */,
				88C67E82F9EF4FE88FCBD94A /* UIImage+CropScaleOrientation.h */,
				C4E890A45F8D47E287362119 /* CDVCamera.h */,
				B724BB682202435DA3768DC2 /* CDVJpegHeaderWriter.h */,
				E77A2FCBF79E4A5B98BB728F /* CDVExif.h */,
				770667FFF4AC4246A1BF8E78 /* CDVDevice.m */,
				C5A79EB4FCA84F87B75BFA2A /* CDVDevice.h */,
				91B8A060B8C54B41B89F396E /* FacebookConnectPlugin.m */,
				407AC617C5AA4005AF88C684 /* FacebookConnectPlugin.h */,
				E5EAFA1F432B440493A70C20 /* AppDelegate+FirebasePlugin.m */,
				A55415A6E3A64905BCB37427 /* FirebasePlugin.m */,
				ABBD5B5EAA814EBE85350E78 /* AppDelegate+FirebasePlugin.h */,
				F6BA2FD031224802B23F766D /* FirebasePlugin.h */,
				658A263025724DD7A40492C7 /* Firebase.h */,
				F50FCA75424C482991BEEA0B /* CDVInAppBrowser.m */,
				EB5606AEF3F14FD0B0393A76 /* CDVInAppBrowser.h */,
				506C889646B1499195F97E0D /* CDVConnection.m */,
				1C993932E73545469BEE1878 /* CDVReachability.m */,
				2BAAB1D1E2E140A7B1EF7AC4 /* CDVConnection.h */,
				F3E39A06FAF14304BE8A5FD2 /* CDVReachability.h */,
				88443D7127E54A11AAE55B54 /* CDVSplashScreen.m */,
				DBFC06BD3864426AA039B98E /* CDVViewController+SplashScreen.m */,
				DB3587310C27458BB9B631A8 /* CDVSplashScreen.h */,
				891E76DB3B10455C913FC778 /* CDVViewController+SplashScreen.h */,
				283BC15729F949EBAD88F2B0 /* CDVStatusBar.m */,
				BC1B4A87C6ED47F1AD5E202E /* CDVStatusBar.h */,
				1D68A7EA573F438D8CE88470 /* IonicKeyboard.m */,
				F0D467CEFB374D66A34ACE49 /* IonicKeyboard.h */,
			);
			name = Plugins;
			path = "REALTIME REQUEST/Plugins";
			sourceTree = SOURCE_ROOT;
		};
		EB87FDF11871DA420020F90C /* Staging */ = {
			isa = PBXGroup;
			children = (
				F840E1F0165FE0F500CFE078 /* config.xml */,
				301BF56E109A69640062928A /* www */,
			);
			name = Staging;
			sourceTree = "<group>";
		};
/* End PBXGroup section */

/* Begin PBXNativeTarget section */
		1D6058900D05DD3D006BFB54 /* REALTIME REQUEST */ = {
			isa = PBXNativeTarget;
			buildConfigurationList = 1D6058960D05DD3E006BFB54 /* Build configuration list for PBXNativeTarget "REALTIME REQUEST" */;
			buildPhases = (
				304B58A110DAC018002A0835 /* Copy www directory */,
				1D60588D0D05DD3D006BFB54 /* Resources */,
				1D60588E0D05DD3D006BFB54 /* Sources */,
				1D60588F0D05DD3D006BFB54 /* Frameworks */,
			);
			buildRules = (
			);
			dependencies = (
				301BF551109A68C00062928A /* PBXTargetDependency */,
			);
			name = "REALTIME REQUEST";
			productName = "REALTIME REQUEST";
			productReference = 1D6058910D05DD3D006BFB54 /* REALTIME REQUEST.app */;
			productType = "com.apple.product-type.application";
		};
/* End PBXNativeTarget section */

/* Begin PBXProject section */
		29B97313FDCFA39411CA2CEA /* Project object */ = {
			isa = PBXProject;
			attributes = {
				LastUpgradeCheck = 510;
				TargetAttributes = {
					1D6058900D05DD3D006BFB54 = {
						DevelopmentTeam = Y6LPALRD9X;
					};
				};
			};
			buildConfigurationList = C01FCF4E08A954540054247B /* Build configuration list for PBXProject "REALTIME REQUEST" */;
			compatibilityVersion = "Xcode 3.2";
			developmentRegion = English;
			hasScannedForEncodings = 1;
			knownRegions = (
				en,
			);
			mainGroup = 29B97314FDCFA39411CA2CEA /* CustomTemplate */;
			projectDirPath = "";
			projectReferences = (
				{
					ProductGroup = 301BF52E109A57CC0062928A /* Products */;
					ProjectRef = 301BF52D109A57CC0062928A /* CordovaLib/CordovaLib.xcodeproj */;
				},
			);
			projectRoot = "";
			targets = (
				1D6058900D05DD3D006BFB54 /* REALTIME REQUEST */,
			);
		};
/* End PBXProject section */

/* Begin PBXReferenceProxy section */
		301BF535109A57CC0062928A /* libCordova.a */ = {
			isa = PBXReferenceProxy;
			fileType = archive.ar;
			path = libCordova.a;
			remoteRef = 301BF534109A57CC0062928A /* PBXContainerItemProxy */;
			sourceTree = BUILT_PRODUCTS_DIR;
		};
		BA17E0FA1FD6BC70009CEAF2 /* Cordova.framework */ = {
			isa = PBXReferenceProxy;
			fileType = wrapper.framework;
			path = Cordova.framework;
			remoteRef = BA17E0F91FD6BC70009CEAF2 /* PBXContainerItemProxy */;
			sourceTree = BUILT_PRODUCTS_DIR;
		};
/* End PBXReferenceProxy section */

/* Begin PBXResourcesBuildPhase section */
		1D60588D0D05DD3D006BFB54 /* Resources */ = {
			isa = PBXResourcesBuildPhase;
			buildActionMask = 2147483647;
			files = (
				302D95F214D2391D003F00A1 /* MainViewController.xib in Resources */,
				0207DA581B56EA530066E2B4 /* Images.xcassets in Resources */,
				6AFF5BF91D6E424B00AB3073 /* CDVLaunchScreen.storyboard in Resources */,
				49A7A152F95D4B1E87303DD4 /* GoogleService-Info.plist in Resources */,
			);
			runOnlyForDeploymentPostprocessing = 0;
		};
/* End PBXResourcesBuildPhase section */

/* Begin PBXShellScriptBuildPhase section */
		304B58A110DAC018002A0835 /* Copy www directory */ = {
			isa = PBXShellScriptBuildPhase;
			buildActionMask = 2147483647;
			files = (
			);
			inputPaths = (
			);
			name = "Copy www directory";
			outputPaths = (
			);
			runOnlyForDeploymentPostprocessing = 0;
			shellPath = /bin/sh;
			shellScript = "NODEJS_PATH=/usr/local/bin; NVM_NODE_PATH=~/.nvm/versions/node/`nvm version 2>/dev/null`/bin; N_NODE_PATH=`find /usr/local/n/versions/node/* -maxdepth 0 -type d 2>/dev/null | tail -1`/bin; XCODE_NODE_PATH=`xcode-select --print-path`/usr/share/xcs/Node/bin; PATH=$NODEJS_PATH:$NVM_NODE_PATH:$N_NODE_PATH:$XCODE_NODE_PATH:$PATH && node cordova/lib/copy-www-build-step.js";
			showEnvVarsInLog = 0;
		};
/* End PBXShellScriptBuildPhase section */

/* Begin PBXSourcesBuildPhase section */
		1D60588E0D05DD3D006BFB54 /* Sources */ = {
			isa = PBXSourcesBuildPhase;
			buildActionMask = 2147483647;
			files = (
				1D60589B0D05DD56006BFB54 /* main.m in Sources */,
				1D3623260D0F684500981E51 /* AppDelegate.m in Sources */,
				302D95F114D2391D003F00A1 /* MainViewController.m in Sources */,
				6FC57A9CB24045ECBC5F1DCF /* CardIOCordovaPlugin.m in Sources */,
				ACF8D9112EE144C386B92D15 /* StreamingMedia.m in Sources */,
				03CFC93EB7694874BF092A7C /* PayPalMobileCordovaPlugin.m in Sources */,
				8C8A7A6593D8497B88AFA17E /* UIImage+CropScaleOrientation.m in Sources */,
				ABFA72DF6DB54B208E965A2C /* CDVCamera.m in Sources */,
				60C55A060A774412B23C9DD8 /* CDVJpegHeaderWriter.m in Sources */,
				FC2C8841FDBF48A2B7500C46 /* CDVDevice.m in Sources */,
				467AF0773C3F4D3894F35F54 /* FacebookConnectPlugin.m in Sources */,
				0F76F4AF78514494AEDAE1FA /* AppDelegate+FirebasePlugin.m in Sources */,
				A62D9A77010846A68BE585D1 /* FirebasePlugin.m in Sources */,
				15B26641EF544A4E84F72B5A /* CDVInAppBrowser.m in Sources */,
				41F609D339864B75AFBE9819 /* CDVConnection.m in Sources */,
				F14BD773A423439E8448D781 /* CDVReachability.m in Sources */,
				41A65EAC303C49368C9E3108 /* CDVSplashScreen.m in Sources */,
				5FF4557B114949F186DCF5A3 /* CDVViewController+SplashScreen.m in Sources */,
				718728DEEC9944DAACE6618C /* CDVStatusBar.m in Sources */,
				8D23591777A54841A4E85290 /* IonicKeyboard.m in Sources */,
			);
			runOnlyForDeploymentPostprocessing = 0;
		};
/* End PBXSourcesBuildPhase section */

/* Begin PBXTargetDependency section */
		301BF551109A68C00062928A /* PBXTargetDependency */ = {
			isa = PBXTargetDependency;
			name = CordovaLib;
			targetProxy = 301BF550109A68C00062928A /* PBXContainerItemProxy */;
		};
/* End PBXTargetDependency section */

/* Begin XCBuildConfiguration section */
		1D6058940D05DD3E006BFB54 /* Debug */ = {
			isa = XCBuildConfiguration;
			baseConfigurationReference = 3047A50F1AB8059700498E2A /* build-debug.xcconfig */;
			buildSettings = {
				ALWAYS_SEARCH_USER_PATHS = NO;
				ASSETCATALOG_COMPILER_APPICON_NAME = AppIcon;
				ASSETCATALOG_COMPILER_LAUNCHIMAGE_NAME = LaunchImage;
				CLANG_ENABLE_MODULES = YES;
				CLANG_ENABLE_OBJC_ARC = YES;
				COPY_PHASE_STRIP = NO;
				DEVELOPMENT_TEAM = Y6LPALRD9X;
				FRAMEWORK_SEARCH_PATHS = (
					"$(inherited)",
					"\"REALTIME REQUEST/Plugins/cordova-plugin-facebook4\"",
					"\"REALTIME REQUEST/Plugins/cordova-plugin-facebook4\"",
					"\"REALTIME REQUEST/Plugins/cordova-plugin-facebook4\"",
					"\"REALTIME REQUEST/Plugins/cordova-plugin-facebook4\"",
					"\"REALTIME REQUEST/Plugins/cordova-plugin-firebase\"",
					"\"REALTIME REQUEST/Plugins/cordova-plugin-firebase\"",
					"\"REALTIME REQUEST/Plugins/cordova-plugin-firebase\"",
					"\"REALTIME REQUEST/Plugins/cordova-plugin-firebase\"",
					"\"REALTIME REQUEST/Plugins/cordova-plugin-firebase\"",
					"\"REALTIME REQUEST/Plugins/cordova-plugin-firebase\"",
					"\"REALTIME REQUEST/Plugins/cordova-plugin-firebase\"",
					"\"REALTIME REQUEST/Plugins/cordova-plugin-firebase\"",
				);
				GCC_DYNAMIC_NO_PIC = NO;
				GCC_OPTIMIZATION_LEVEL = 0;
				GCC_PRECOMPILE_PREFIX_HEADER = YES;
				GCC_PREFIX_HEADER = "REALTIME REQUEST/REALTIME REQUEST-Prefix.pch";
				GCC_THUMB_SUPPORT = NO;
				GCC_VERSION = "";
				INFOPLIST_FILE = "REALTIME REQUEST/REALTIME REQUEST-Info.plist";
				IPHONEOS_DEPLOYMENT_TARGET = 9.0;
				LD_RUNPATH_SEARCH_PATHS = "@executable_path/Frameworks";
				LIBRARY_SEARCH_PATHS = (
					"$(inherited)",
					"\"$(SRCROOT)/REALTIME REQUEST/Plugins/card.io.cordova.mobilesdk\"",
					"\"$(SRCROOT)/REALTIME REQUEST/Plugins/card.io.cordova.mobilesdk\"",
					"\"$(SRCROOT)/REALTIME REQUEST/Plugins/card.io.cordova.mobilesdk\"",
					"\"$(SRCROOT)/REALTIME REQUEST/Plugins/com.paypal.cordova.mobilesdk\"",
				);
				PRODUCT_NAME = "REALTIME REQUEST";
				TARGETED_DEVICE_FAMILY = "1,2";
			};
			name = Debug;
		};
		1D6058950D05DD3E006BFB54 /* Release */ = {
			isa = XCBuildConfiguration;
			baseConfigurationReference = 3047A5101AB8059700498E2A /* build-release.xcconfig */;
			buildSettings = {
				ALWAYS_SEARCH_USER_PATHS = NO;
				ASSETCATALOG_COMPILER_APPICON_NAME = AppIcon;
				ASSETCATALOG_COMPILER_LAUNCHIMAGE_NAME = LaunchImage;
				CLANG_ENABLE_MODULES = YES;
				CLANG_ENABLE_OBJC_ARC = YES;
				COPY_PHASE_STRIP = YES;
				DEVELOPMENT_TEAM = Y6LPALRD9X;
				FRAMEWORK_SEARCH_PATHS = (
					"$(inherited)",
					"\"REALTIME REQUEST/Plugins/cordova-plugin-facebook4\"",
					"\"REALTIME REQUEST/Plugins/cordova-plugin-facebook4\"",
					"\"REALTIME REQUEST/Plugins/cordova-plugin-facebook4\"",
					"\"REALTIME REQUEST/Plugins/cordova-plugin-facebook4\"",
					"\"REALTIME REQUEST/Plugins/cordova-plugin-firebase\"",
					"\"REALTIME REQUEST/Plugins/cordova-plugin-firebase\"",
					"\"REALTIME REQUEST/Plugins/cordova-plugin-firebase\"",
					"\"REALTIME REQUEST/Plugins/cordova-plugin-firebase\"",
					"\"REALTIME REQUEST/Plugins/cordova-plugin-firebase\"",
					"\"REALTIME REQUEST/Plugins/cordova-plugin-firebase\"",
					"\"REALTIME REQUEST/Plugins/cordova-plugin-firebase\"",
					"\"REALTIME REQUEST/Plugins/cordova-plugin-firebase\"",
				);
				GCC_PRECOMPILE_PREFIX_HEADER = YES;
				GCC_PREFIX_HEADER = "REALTIME REQUEST/REALTIME REQUEST-Prefix.pch";
				GCC_THUMB_SUPPORT = NO;
				GCC_VERSION = "";
				INFOPLIST_FILE = "REALTIME REQUEST/REALTIME REQUEST-Info.plist";
				IPHONEOS_DEPLOYMENT_TARGET = 9.0;
				LD_RUNPATH_SEARCH_PATHS = "@executable_path/Frameworks";
				LIBRARY_SEARCH_PATHS = (
					"$(inherited)",
					"\"$(SRCROOT)/REALTIME REQUEST/Plugins/card.io.cordova.mobilesdk\"",
					"\"$(SRCROOT)/REALTIME REQUEST/Plugins/card.io.cordova.mobilesdk\"",
					"\"$(SRCROOT)/REALTIME REQUEST/Plugins/card.io.cordova.mobilesdk\"",
					"\"$(SRCROOT)/REALTIME REQUEST/Plugins/com.paypal.cordova.mobilesdk\"",
				);
				PRODUCT_NAME = "REALTIME REQUEST";
				TARGETED_DEVICE_FAMILY = "1,2";
			};
			name = Release;
		};
		C01FCF4F08A954540054247B /* Debug */ = {
			isa = XCBuildConfiguration;
			baseConfigurationReference = 3047A5111AB8059700498E2A /* build.xcconfig */;
			buildSettings = {
				CLANG_ENABLE_MODULES = YES;
				CLANG_ENABLE_OBJC_ARC = YES;
				CLANG_WARN_BOOL_CONVERSION = YES;
				CLANG_WARN_CONSTANT_CONVERSION = YES;
				CLANG_WARN_EMPTY_BODY = YES;
				CLANG_WARN_ENUM_CONVERSION = YES;
				CLANG_WARN_INT_CONVERSION = YES;
				CLANG_WARN__DUPLICATE_METHOD_MATCH = YES;
				GCC_C_LANGUAGE_STANDARD = c99;
				GCC_THUMB_SUPPORT = NO;
				GCC_VERSION = "";
				GCC_WARN_ABOUT_RETURN_TYPE = YES;
				GCC_WARN_UNDECLARED_SELECTOR = YES;
				GCC_WARN_UNINITIALIZED_AUTOS = YES;
				GCC_WARN_UNUSED_FUNCTION = YES;
				GCC_WARN_UNUSED_VARIABLE = YES;
				ONLY_ACTIVE_ARCH = YES;
				SDKROOT = iphoneos;
				SKIP_INSTALL = NO;
			};
			name = Debug;
		};
		C01FCF5008A954540054247B /* Release */ = {
			isa = XCBuildConfiguration;
			baseConfigurationReference = 3047A5111AB8059700498E2A /* build.xcconfig */;
			buildSettings = {
				CLANG_ENABLE_MODULES = YES;
				CLANG_ENABLE_OBJC_ARC = YES;
				CLANG_WARN_BOOL_CONVERSION = YES;
				CLANG_WARN_CONSTANT_CONVERSION = YES;
				CLANG_WARN_EMPTY_BODY = YES;
				CLANG_WARN_ENUM_CONVERSION = YES;
				CLANG_WARN_INT_CONVERSION = YES;
				CLANG_WARN__DUPLICATE_METHOD_MATCH = YES;
				GCC_C_LANGUAGE_STANDARD = c99;
				GCC_THUMB_SUPPORT = NO;
				GCC_VERSION = "";
				GCC_WARN_ABOUT_RETURN_TYPE = YES;
				GCC_WARN_UNDECLARED_SELECTOR = YES;
				GCC_WARN_UNINITIALIZED_AUTOS = YES;
				GCC_WARN_UNUSED_FUNCTION = YES;
				GCC_WARN_UNUSED_VARIABLE = YES;
				SDKROOT = iphoneos;
				SKIP_INSTALL = NO;
			};
			name = Release;
		};
/* End XCBuildConfiguration section */

/* Begin XCConfigurationList section */
		1D6058960D05DD3E006BFB54 /* Build configuration list for PBXNativeTarget "REALTIME REQUEST" */ = {
			isa = XCConfigurationList;
			buildConfigurations = (
				1D6058940D05DD3E006BFB54 /* Debug */,
				1D6058950D05DD3E006BFB54 /* Release */,
			);
			defaultConfigurationIsVisible = 0;
			defaultConfigurationName = Release;
		};
		C01FCF4E08A954540054247B /* Build configuration list for PBXProject "REALTIME REQUEST" */ = {
			isa = XCConfigurationList;
			buildConfigurations = (
				C01FCF4F08A954540054247B /* Debug */,
				C01FCF5008A954540054247B /* Release */,
			);
			defaultConfigurationIsVisible = 0;
			defaultConfigurationName = Release;
		};
/* End XCConfigurationList section */
	};
	rootObject = 29B97313FDCFA39411CA2CEA /* Project object */;
}
